// !$*UTF8*$!
{
	archiveVersion = 1;
	classes = {
	};
	objectVersion = 50;
	objects = {

/* Begin PBXBuildFile section */
		BFC8C54C232DE4B3006612C8 /* AppDelegate.swift in Sources */ = {isa = PBXBuildFile; fileRef = BFC8C54B232DE4B3006612C8 /* AppDelegate.swift */; };
		BFC8C551232DE4B3006612C8 /* Main.storyboard in Resources */ = {isa = PBXBuildFile; fileRef = BFC8C54F232DE4B3006612C8 /* Main.storyboard */; };
		BFC8C553232DE4B6006612C8 /* Assets.xcassets in Resources */ = {isa = PBXBuildFile; fileRef = BFC8C552232DE4B6006612C8 /* Assets.xcassets */; };
		BFC8C556232DE4B6006612C8 /* LaunchScreen.storyboard in Resources */ = {isa = PBXBuildFile; fileRef = BFC8C554232DE4B6006612C8 /* LaunchScreen.storyboard */; };
		BFC8C561232DE4B6006612C8 /* RandomUserTests.swift in Sources */ = {isa = PBXBuildFile; fileRef = BFC8C560232DE4B6006612C8 /* RandomUserTests.swift */; };
		BFC8C56C232DE4B7006612C8 /* RandomUserUITests.swift in Sources */ = {isa = PBXBuildFile; fileRef = BFC8C56B232DE4B7006612C8 /* RandomUserUITests.swift */; };
		BFC8C57D232DE590006612C8 /* NC_Main.swift in Sources */ = {isa = PBXBuildFile; fileRef = BFC8C57C232DE590006612C8 /* NC_Main.swift */; };
		BFC8C580232DE7ED006612C8 /* VC_UserList.swift in Sources */ = {isa = PBXBuildFile; fileRef = BFC8C57F232DE7ED006612C8 /* VC_UserList.swift */; };
		BFC8C585232DFBAF006612C8 /* TV_UserCell.swift in Sources */ = {isa = PBXBuildFile; fileRef = BFC8C584232DFBAF006612C8 /* TV_UserCell.swift */; };
		BFC8C58C232E114B006612C8 /* APIManager.swift in Sources */ = {isa = PBXBuildFile; fileRef = BFC8C58B232E114B006612C8 /* APIManager.swift */; };
		BFC8C58E232E1158006612C8 /* User.swift in Sources */ = {isa = PBXBuildFile; fileRef = BFC8C58D232E1158006612C8 /* User.swift */; };
		BFC8C591232E11E7006612C8 /* UserProperties.swift in Sources */ = {isa = PBXBuildFile; fileRef = BFC8C590232E11E7006612C8 /* UserProperties.swift */; };
		BFC8C594232E1C7C006612C8 /* User.swift in Sources */ = {isa = PBXBuildFile; fileRef = BFC8C58D232E1158006612C8 /* User.swift */; };
		BFC8C595232E1C7E006612C8 /* UserProperties.swift in Sources */ = {isa = PBXBuildFile; fileRef = BFC8C590232E11E7006612C8 /* UserProperties.swift */; };
		BFC8C598232E2C74006612C8 /* GenderParseTest.swift in Sources */ = {isa = PBXBuildFile; fileRef = BFC8C597232E2C74006612C8 /* GenderParseTest.swift */; };
		BFC8C59A232E2CF2006612C8 /* NameParseTest.swift in Sources */ = {isa = PBXBuildFile; fileRef = BFC8C599232E2CF2006612C8 /* NameParseTest.swift */; };
		BFC8C59C232E2D54006612C8 /* CoordinatesParseTest.swift in Sources */ = {isa = PBXBuildFile; fileRef = BFC8C59B232E2D54006612C8 /* CoordinatesParseTest.swift */; };
		BFC8C59E232E2E41006612C8 /* TimezoneParseTest.swift in Sources */ = {isa = PBXBuildFile; fileRef = BFC8C59D232E2E41006612C8 /* TimezoneParseTest.swift */; };
		BFC8C5A0232E2EA6006612C8 /* LocationParseTest.swift in Sources */ = {isa = PBXBuildFile; fileRef = BFC8C59F232E2EA6006612C8 /* LocationParseTest.swift */; };
		BFC8C5A2232E2FE5006612C8 /* DobParseTest.swift in Sources */ = {isa = PBXBuildFile; fileRef = BFC8C5A1232E2FE5006612C8 /* DobParseTest.swift */; };
		BFC8C5A4232E3225006612C8 /* ProfilePictureParseTest.swift in Sources */ = {isa = PBXBuildFile; fileRef = BFC8C5A3232E3225006612C8 /* ProfilePictureParseTest.swift */; };
		BFC8C5A8232E33D9006612C8 /* UserParseTest.swift in Sources */ = {isa = PBXBuildFile; fileRef = BFC8C5A7232E33D9006612C8 /* UserParseTest.swift */; };
		BFC8C5AA232E36C2006612C8 /* URIs.swift in Sources */ = {isa = PBXBuildFile; fileRef = BFC8C5A9232E36C2006612C8 /* URIs.swift */; };
		BFC8C5AC232E3C93006612C8 /* CustomTypes.swift in Sources */ = {isa = PBXBuildFile; fileRef = BFC8C5AB232E3C93006612C8 /* CustomTypes.swift */; };
		BFC8C5B0232E5439006612C8 /* ImageManager.swift in Sources */ = {isa = PBXBuildFile; fileRef = BFC8C5AF232E5439006612C8 /* ImageManager.swift */; };
		BFC8C5B2232E60D9006612C8 /* VC_UserDetail.swift in Sources */ = {isa = PBXBuildFile; fileRef = BFC8C5B1232E60D9006612C8 /* VC_UserDetail.swift */; };
		BFC8C5B4232E6161006612C8 /* StringExtension.swift in Sources */ = {isa = PBXBuildFile; fileRef = BFC8C5B3232E6161006612C8 /* StringExtension.swift */; };
		BFC8C5B7232E7B2D006612C8 /* VC_SetFilter.swift in Sources */ = {isa = PBXBuildFile; fileRef = BFC8C5B6232E7B2D006612C8 /* VC_SetFilter.swift */; };
		BFC8C5BA232E7B6A006612C8 /* TV_CountryCell.swift in Sources */ = {isa = PBXBuildFile; fileRef = BFC8C5B9232E7B6A006612C8 /* TV_CountryCell.swift */; };
/* End PBXBuildFile section */

/* Begin PBXContainerItemProxy section */
		BFC8C55D232DE4B6006612C8 /* PBXContainerItemProxy */ = {
			isa = PBXContainerItemProxy;
			containerPortal = BFC8C540232DE4B3006612C8 /* Project object */;
			proxyType = 1;
			remoteGlobalIDString = BFC8C547232DE4B3006612C8;
			remoteInfo = RandomUser;
		};
		BFC8C568232DE4B7006612C8 /* PBXContainerItemProxy */ = {
			isa = PBXContainerItemProxy;
			containerPortal = BFC8C540232DE4B3006612C8 /* Project object */;
			proxyType = 1;
			remoteGlobalIDString = BFC8C547232DE4B3006612C8;
			remoteInfo = RandomUser;
		};
/* End PBXContainerItemProxy section */

/* Begin PBXFileReference section */
		BFC8C548232DE4B3006612C8 /* RandomUser.app */ = {isa = PBXFileReference; explicitFileType = wrapper.application; includeInIndex = 0; path = RandomUser.app; sourceTree = BUILT_PRODUCTS_DIR; };
		BFC8C54B232DE4B3006612C8 /* AppDelegate.swift */ = {isa = PBXFileReference; lastKnownFileType = sourcecode.swift; path = AppDelegate.swift; sourceTree = "<group>"; };
		BFC8C550232DE4B3006612C8 /* Base */ = {isa = PBXFileReference; lastKnownFileType = file.storyboard; name = Base; path = Base.lproj/Main.storyboard; sourceTree = "<group>"; };
		BFC8C552232DE4B6006612C8 /* Assets.xcassets */ = {isa = PBXFileReference; lastKnownFileType = folder.assetcatalog; path = Assets.xcassets; sourceTree = "<group>"; };
		BFC8C555232DE4B6006612C8 /* Base */ = {isa = PBXFileReference; lastKnownFileType = file.storyboard; name = Base; path = Base.lproj/LaunchScreen.storyboard; sourceTree = "<group>"; };
		BFC8C557232DE4B6006612C8 /* Info.plist */ = {isa = PBXFileReference; lastKnownFileType = text.plist.xml; path = Info.plist; sourceTree = "<group>"; };
		BFC8C55C232DE4B6006612C8 /* RandomUserTests.xctest */ = {isa = PBXFileReference; explicitFileType = wrapper.cfbundle; includeInIndex = 0; path = RandomUserTests.xctest; sourceTree = BUILT_PRODUCTS_DIR; };
		BFC8C560232DE4B6006612C8 /* RandomUserTests.swift */ = {isa = PBXFileReference; lastKnownFileType = sourcecode.swift; path = RandomUserTests.swift; sourceTree = "<group>"; };
		BFC8C562232DE4B6006612C8 /* Info.plist */ = {isa = PBXFileReference; lastKnownFileType = text.plist.xml; path = Info.plist; sourceTree = "<group>"; };
		BFC8C567232DE4B7006612C8 /* RandomUserUITests.xctest */ = {isa = PBXFileReference; explicitFileType = wrapper.cfbundle; includeInIndex = 0; path = RandomUserUITests.xctest; sourceTree = BUILT_PRODUCTS_DIR; };
		BFC8C56B232DE4B7006612C8 /* RandomUserUITests.swift */ = {isa = PBXFileReference; lastKnownFileType = sourcecode.swift; path = RandomUserUITests.swift; sourceTree = "<group>"; };
		BFC8C56D232DE4B7006612C8 /* Info.plist */ = {isa = PBXFileReference; lastKnownFileType = text.plist.xml; path = Info.plist; sourceTree = "<group>"; };
		BFC8C57C232DE590006612C8 /* NC_Main.swift */ = {isa = PBXFileReference; lastKnownFileType = sourcecode.swift; path = NC_Main.swift; sourceTree = "<group>"; };
		BFC8C57F232DE7ED006612C8 /* VC_UserList.swift */ = {isa = PBXFileReference; lastKnownFileType = sourcecode.swift; path = VC_UserList.swift; sourceTree = "<group>"; };
		BFC8C584232DFBAF006612C8 /* TV_UserCell.swift */ = {isa = PBXFileReference; lastKnownFileType = sourcecode.swift; path = TV_UserCell.swift; sourceTree = "<group>"; };
		BFC8C58B232E114B006612C8 /* APIManager.swift */ = {isa = PBXFileReference; lastKnownFileType = sourcecode.swift; path = APIManager.swift; sourceTree = "<group>"; };
		BFC8C58D232E1158006612C8 /* User.swift */ = {isa = PBXFileReference; lastKnownFileType = sourcecode.swift; path = User.swift; sourceTree = "<group>"; };
		BFC8C590232E11E7006612C8 /* UserProperties.swift */ = {isa = PBXFileReference; lastKnownFileType = sourcecode.swift; path = UserProperties.swift; sourceTree = "<group>"; };
		BFC8C597232E2C74006612C8 /* GenderParseTest.swift */ = {isa = PBXFileReference; lastKnownFileType = sourcecode.swift; path = GenderParseTest.swift; sourceTree = "<group>"; };
		BFC8C599232E2CF2006612C8 /* NameParseTest.swift */ = {isa = PBXFileReference; lastKnownFileType = sourcecode.swift; path = NameParseTest.swift; sourceTree = "<group>"; };
		BFC8C59B232E2D54006612C8 /* CoordinatesParseTest.swift */ = {isa = PBXFileReference; lastKnownFileType = sourcecode.swift; path = CoordinatesParseTest.swift; sourceTree = "<group>"; };
		BFC8C59D232E2E41006612C8 /* TimezoneParseTest.swift */ = {isa = PBXFileReference; lastKnownFileType = sourcecode.swift; path = TimezoneParseTest.swift; sourceTree = "<group>"; };
		BFC8C59F232E2EA6006612C8 /* LocationParseTest.swift */ = {isa = PBXFileReference; lastKnownFileType = sourcecode.swift; path = LocationParseTest.swift; sourceTree = "<group>"; };
		BFC8C5A1232E2FE5006612C8 /* DobParseTest.swift */ = {isa = PBXFileReference; lastKnownFileType = sourcecode.swift; path = DobParseTest.swift; sourceTree = "<group>"; };
		BFC8C5A3232E3225006612C8 /* ProfilePictureParseTest.swift */ = {isa = PBXFileReference; lastKnownFileType = sourcecode.swift; path = ProfilePictureParseTest.swift; sourceTree = "<group>"; };
		BFC8C5A7232E33D9006612C8 /* UserParseTest.swift */ = {isa = PBXFileReference; lastKnownFileType = sourcecode.swift; path = UserParseTest.swift; sourceTree = "<group>"; };
		BFC8C5A9232E36C2006612C8 /* URIs.swift */ = {isa = PBXFileReference; lastKnownFileType = sourcecode.swift; path = URIs.swift; sourceTree = "<group>"; };
		BFC8C5AB232E3C93006612C8 /* CustomTypes.swift */ = {isa = PBXFileReference; lastKnownFileType = sourcecode.swift; path = CustomTypes.swift; sourceTree = "<group>"; };
		BFC8C5AF232E5439006612C8 /* ImageManager.swift */ = {isa = PBXFileReference; lastKnownFileType = sourcecode.swift; path = ImageManager.swift; sourceTree = "<group>"; };
		BFC8C5B1232E60D9006612C8 /* VC_UserDetail.swift */ = {isa = PBXFileReference; lastKnownFileType = sourcecode.swift; path = VC_UserDetail.swift; sourceTree = "<group>"; };
		BFC8C5B3232E6161006612C8 /* StringExtension.swift */ = {isa = PBXFileReference; lastKnownFileType = sourcecode.swift; path = StringExtension.swift; sourceTree = "<group>"; };
		BFC8C5B6232E7B2D006612C8 /* VC_SetFilter.swift */ = {isa = PBXFileReference; lastKnownFileType = sourcecode.swift; path = VC_SetFilter.swift; sourceTree = "<group>"; };
		BFC8C5B9232E7B6A006612C8 /* TV_CountryCell.swift */ = {isa = PBXFileReference; lastKnownFileType = sourcecode.swift; path = TV_CountryCell.swift; sourceTree = "<group>"; };
/* End PBXFileReference section */

/* Begin PBXFrameworksBuildPhase section */
		BFC8C545232DE4B3006612C8 /* Frameworks */ = {
			isa = PBXFrameworksBuildPhase;
			buildActionMask = 2147483647;
			files = (
			);
			runOnlyForDeploymentPostprocessing = 0;
		};
		BFC8C559232DE4B6006612C8 /* Frameworks */ = {
			isa = PBXFrameworksBuildPhase;
			buildActionMask = 2147483647;
			files = (
			);
			runOnlyForDeploymentPostprocessing = 0;
		};
		BFC8C564232DE4B7006612C8 /* Frameworks */ = {
			isa = PBXFrameworksBuildPhase;
			buildActionMask = 2147483647;
			files = (
			);
			runOnlyForDeploymentPostprocessing = 0;
		};
/* End PBXFrameworksBuildPhase section */

/* Begin PBXGroup section */
		BFC8C53F232DE4B3006612C8 = {
			isa = PBXGroup;
			children = (
				BFC8C54A232DE4B3006612C8 /* RandomUser */,
				BFC8C55F232DE4B6006612C8 /* RandomUserTests */,
				BFC8C56A232DE4B7006612C8 /* RandomUserUITests */,
				BFC8C549232DE4B3006612C8 /* Products */,
			);
			sourceTree = "<group>";
		};
		BFC8C549232DE4B3006612C8 /* Products */ = {
			isa = PBXGroup;
			children = (
				BFC8C548232DE4B3006612C8 /* RandomUser.app */,
				BFC8C55C232DE4B6006612C8 /* RandomUserTests.xctest */,
				BFC8C567232DE4B7006612C8 /* RandomUserUITests.xctest */,
			);
			name = Products;
			sourceTree = "<group>";
		};
		BFC8C54A232DE4B3006612C8 /* RandomUser */ = {
			isa = PBXGroup;
			children = (
				BFC8C54B232DE4B3006612C8 /* AppDelegate.swift */,
				BFC8C57B232DE4D8006612C8 /* Resources */,
				BFC8C58A232E1102006612C8 /* ServerAPI */,
				BFC8C58F232E115E006612C8 /* Custom Objects */,
				BFC8C579232DE4C7006612C8 /* ViewControllers */,
				BFC8C57A232DE4D0006612C8 /* Storyboards */,
				BFC8C557232DE4B6006612C8 /* Info.plist */,
			);
			path = RandomUser;
			sourceTree = "<group>";
		};
		BFC8C55F232DE4B6006612C8 /* RandomUserTests */ = {
			isa = PBXGroup;
			children = (
				BFC8C596232E2C4A006612C8 /* UserPropertiesTest */,
				BFC8C5A7232E33D9006612C8 /* UserParseTest.swift */,
				BFC8C560232DE4B6006612C8 /* RandomUserTests.swift */,
				BFC8C562232DE4B6006612C8 /* Info.plist */,
			);
			path = RandomUserTests;
			sourceTree = "<group>";
		};
		BFC8C56A232DE4B7006612C8 /* RandomUserUITests */ = {
			isa = PBXGroup;
			children = (
				BFC8C56B232DE4B7006612C8 /* RandomUserUITests.swift */,
				BFC8C56D232DE4B7006612C8 /* Info.plist */,
			);
			path = RandomUserUITests;
			sourceTree = "<group>";
		};
		BFC8C579232DE4C7006612C8 /* ViewControllers */ = {
			isa = PBXGroup;
			children = (
				BFC8C57C232DE590006612C8 /* NC_Main.swift */,
				BFC8C57E232DE7C0006612C8 /* VC_UserList */,
				BFC8C5B8232E7B4B006612C8 /* VC_SetFilter */,
				BFC8C5B1232E60D9006612C8 /* VC_UserDetail.swift */,
			);
			path = ViewControllers;
			sourceTree = "<group>";
		};
		BFC8C57A232DE4D0006612C8 /* Storyboards */ = {
			isa = PBXGroup;
			children = (
				BFC8C54F232DE4B3006612C8 /* Main.storyboard */,
				BFC8C554232DE4B6006612C8 /* LaunchScreen.storyboard */,
			);
			path = Storyboards;
			sourceTree = "<group>";
		};
		BFC8C57B232DE4D8006612C8 /* Resources */ = {
			isa = PBXGroup;
			children = (
				BFC8C552232DE4B6006612C8 /* Assets.xcassets */,
			);
			path = Resources;
			sourceTree = "<group>";
		};
		BFC8C57E232DE7C0006612C8 /* VC_UserList */ = {
			isa = PBXGroup;
			children = (
				BFC8C57F232DE7ED006612C8 /* VC_UserList.swift */,
				BFC8C584232DFBAF006612C8 /* TV_UserCell.swift */,
			);
			path = VC_UserList;
			sourceTree = "<group>";
		};
		BFC8C58A232E1102006612C8 /* ServerAPI */ = {
			isa = PBXGroup;
			children = (
				BFC8C5A9232E36C2006612C8 /* URIs.swift */,
				BFC8C58B232E114B006612C8 /* APIManager.swift */,
				BFC8C5AF232E5439006612C8 /* ImageManager.swift */,
			);
			path = ServerAPI;
			sourceTree = "<group>";
		};
		BFC8C58F232E115E006612C8 /* Custom Objects */ = {
			isa = PBXGroup;
			children = (
				BFC8C5AB232E3C93006612C8 /* CustomTypes.swift */,
				BFC8C590232E11E7006612C8 /* UserProperties.swift */,
				BFC8C58D232E1158006612C8 /* User.swift */,
				BFC8C5B3232E6161006612C8 /* StringExtension.swift */,
			);
			path = "Custom Objects";
			sourceTree = "<group>";
		};
		BFC8C596232E2C4A006612C8 /* UserPropertiesTest */ = {
			isa = PBXGroup;
			children = (
				BFC8C597232E2C74006612C8 /* GenderParseTest.swift */,
				BFC8C599232E2CF2006612C8 /* NameParseTest.swift */,
				BFC8C59B232E2D54006612C8 /* CoordinatesParseTest.swift */,
				BFC8C59D232E2E41006612C8 /* TimezoneParseTest.swift */,
				BFC8C59F232E2EA6006612C8 /* LocationParseTest.swift */,
				BFC8C5A1232E2FE5006612C8 /* DobParseTest.swift */,
				BFC8C5A3232E3225006612C8 /* ProfilePictureParseTest.swift */,
			);
			path = UserPropertiesTest;
			sourceTree = "<group>";
		};
		BFC8C5B8232E7B4B006612C8 /* VC_SetFilter */ = {
			isa = PBXGroup;
			children = (
				BFC8C5B6232E7B2D006612C8 /* VC_SetFilter.swift */,
				BFC8C5B9232E7B6A006612C8 /* TV_CountryCell.swift */,
			);
			path = VC_SetFilter;
			sourceTree = "<group>";
		};
/* End PBXGroup section */

/* Begin PBXNativeTarget section */
		BFC8C547232DE4B3006612C8 /* RandomUser */ = {
			isa = PBXNativeTarget;
			buildConfigurationList = BFC8C570232DE4B7006612C8 /* Build configuration list for PBXNativeTarget "RandomUser" */;
			buildPhases = (
				BFC8C544232DE4B3006612C8 /* Sources */,
				BFC8C545232DE4B3006612C8 /* Frameworks */,
				BFC8C546232DE4B3006612C8 /* Resources */,
			);
			buildRules = (
			);
			dependencies = (
			);
			name = RandomUser;
			productName = RandomUser;
			productReference = BFC8C548232DE4B3006612C8 /* RandomUser.app */;
			productType = "com.apple.product-type.application";
		};
		BFC8C55B232DE4B6006612C8 /* RandomUserTests */ = {
			isa = PBXNativeTarget;
			buildConfigurationList = BFC8C573232DE4B7006612C8 /* Build configuration list for PBXNativeTarget "RandomUserTests" */;
			buildPhases = (
				BFC8C558232DE4B6006612C8 /* Sources */,
				BFC8C559232DE4B6006612C8 /* Frameworks */,
				BFC8C55A232DE4B6006612C8 /* Resources */,
			);
			buildRules = (
			);
			dependencies = (
				BFC8C55E232DE4B6006612C8 /* PBXTargetDependency */,
			);
			name = RandomUserTests;
			productName = RandomUserTests;
			productReference = BFC8C55C232DE4B6006612C8 /* RandomUserTests.xctest */;
			productType = "com.apple.product-type.bundle.unit-test";
		};
		BFC8C566232DE4B7006612C8 /* RandomUserUITests */ = {
			isa = PBXNativeTarget;
			buildConfigurationList = BFC8C576232DE4B7006612C8 /* Build configuration list for PBXNativeTarget "RandomUserUITests" */;
			buildPhases = (
				BFC8C563232DE4B7006612C8 /* Sources */,
				BFC8C564232DE4B7006612C8 /* Frameworks */,
				BFC8C565232DE4B7006612C8 /* Resources */,
			);
			buildRules = (
			);
			dependencies = (
				BFC8C569232DE4B7006612C8 /* PBXTargetDependency */,
			);
			name = RandomUserUITests;
			productName = RandomUserUITests;
			productReference = BFC8C567232DE4B7006612C8 /* RandomUserUITests.xctest */;
			productType = "com.apple.product-type.bundle.ui-testing";
		};
/* End PBXNativeTarget section */

/* Begin PBXProject section */
		BFC8C540232DE4B3006612C8 /* Project object */ = {
			isa = PBXProject;
			attributes = {
				LastSwiftUpdateCheck = 1030;
				LastUpgradeCheck = 1030;
				ORGANIZATIONNAME = JunJung;
				TargetAttributes = {
					BFC8C547232DE4B3006612C8 = {
						CreatedOnToolsVersion = 10.3;
					};
					BFC8C55B232DE4B6006612C8 = {
						CreatedOnToolsVersion = 10.3;
						TestTargetID = BFC8C547232DE4B3006612C8;
					};
					BFC8C566232DE4B7006612C8 = {
						CreatedOnToolsVersion = 10.3;
						TestTargetID = BFC8C547232DE4B3006612C8;
					};
				};
			};
			buildConfigurationList = BFC8C543232DE4B3006612C8 /* Build configuration list for PBXProject "RandomUser" */;
			compatibilityVersion = "Xcode 9.3";
			developmentRegion = en;
			hasScannedForEncodings = 0;
			knownRegions = (
				en,
				Base,
			);
			mainGroup = BFC8C53F232DE4B3006612C8;
			productRefGroup = BFC8C549232DE4B3006612C8 /* Products */;
			projectDirPath = "";
			projectRoot = "";
			targets = (
				BFC8C547232DE4B3006612C8 /* RandomUser */,
				BFC8C55B232DE4B6006612C8 /* RandomUserTests */,
				BFC8C566232DE4B7006612C8 /* RandomUserUITests */,
			);
		};
/* End PBXProject section */

/* Begin PBXResourcesBuildPhase section */
		BFC8C546232DE4B3006612C8 /* Resources */ = {
			isa = PBXResourcesBuildPhase;
			buildActionMask = 2147483647;
			files = (
				BFC8C556232DE4B6006612C8 /* LaunchScreen.storyboard in Resources */,
				BFC8C553232DE4B6006612C8 /* Assets.xcassets in Resources */,
				BFC8C551232DE4B3006612C8 /* Main.storyboard in Resources */,
			);
			runOnlyForDeploymentPostprocessing = 0;
		};
		BFC8C55A232DE4B6006612C8 /* Resources */ = {
			isa = PBXResourcesBuildPhase;
			buildActionMask = 2147483647;
			files = (
			);
			runOnlyForDeploymentPostprocessing = 0;
		};
		BFC8C565232DE4B7006612C8 /* Resources */ = {
			isa = PBXResourcesBuildPhase;
			buildActionMask = 2147483647;
			files = (
			);
			runOnlyForDeploymentPostprocessing = 0;
		};
/* End PBXResourcesBuildPhase section */

/* Begin PBXSourcesBuildPhase section */
		BFC8C544232DE4B3006612C8 /* Sources */ = {
			isa = PBXSourcesBuildPhase;
			buildActionMask = 2147483647;
			files = (
				BFC8C5B7232E7B2D006612C8 /* VC_SetFilter.swift in Sources */,
				BFC8C58C232E114B006612C8 /* APIManager.swift in Sources */,
				BFC8C5B0232E5439006612C8 /* ImageManager.swift in Sources */,
				BFC8C5AA232E36C2006612C8 /* URIs.swift in Sources */,
				BFC8C5B2232E60D9006612C8 /* VC_UserDetail.swift in Sources */,
				BFC8C580232DE7ED006612C8 /* VC_UserList.swift in Sources */,
				BFC8C5BA232E7B6A006612C8 /* TV_CountryCell.swift in Sources */,
				BFC8C591232E11E7006612C8 /* UserProperties.swift in Sources */,
				BFC8C585232DFBAF006612C8 /* TV_UserCell.swift in Sources */,
				BFC8C5AC232E3C93006612C8 /* CustomTypes.swift in Sources */,
				BFC8C5B4232E6161006612C8 /* StringExtension.swift in Sources */,
				BFC8C54C232DE4B3006612C8 /* AppDelegate.swift in Sources */,
				BFC8C57D232DE590006612C8 /* NC_Main.swift in Sources */,
				BFC8C58E232E1158006612C8 /* User.swift in Sources */,
			);
			runOnlyForDeploymentPostprocessing = 0;
		};
		BFC8C558232DE4B6006612C8 /* Sources */ = {
			isa = PBXSourcesBuildPhase;
			buildActionMask = 2147483647;
			files = (
				BFC8C5A4232E3225006612C8 /* ProfilePictureParseTest.swift in Sources */,
				BFC8C5A8232E33D9006612C8 /* UserParseTest.swift in Sources */,
				BFC8C59A232E2CF2006612C8 /* NameParseTest.swift in Sources */,
				BFC8C59C232E2D54006612C8 /* CoordinatesParseTest.swift in Sources */,
				BFC8C598232E2C74006612C8 /* GenderParseTest.swift in Sources */,
				BFC8C561232DE4B6006612C8 /* RandomUserTests.swift in Sources */,
				BFC8C594232E1C7C006612C8 /* User.swift in Sources */,
				BFC8C595232E1C7E006612C8 /* UserProperties.swift in Sources */,
				BFC8C5A0232E2EA6006612C8 /* LocationParseTest.swift in Sources */,
				BFC8C5A2232E2FE5006612C8 /* DobParseTest.swift in Sources */,
				BFC8C59E232E2E41006612C8 /* TimezoneParseTest.swift in Sources */,
			);
			runOnlyForDeploymentPostprocessing = 0;
		};
		BFC8C563232DE4B7006612C8 /* Sources */ = {
			isa = PBXSourcesBuildPhase;
			buildActionMask = 2147483647;
			files = (
				BFC8C56C232DE4B7006612C8 /* RandomUserUITests.swift in Sources */,
			);
			runOnlyForDeploymentPostprocessing = 0;
		};
/* End PBXSourcesBuildPhase section */

/* Begin PBXTargetDependency section */
		BFC8C55E232DE4B6006612C8 /* PBXTargetDependency */ = {
			isa = PBXTargetDependency;
			target = BFC8C547232DE4B3006612C8 /* RandomUser */;
			targetProxy = BFC8C55D232DE4B6006612C8 /* PBXContainerItemProxy */;
		};
		BFC8C569232DE4B7006612C8 /* PBXTargetDependency */ = {
			isa = PBXTargetDependency;
			target = BFC8C547232DE4B3006612C8 /* RandomUser */;
			targetProxy = BFC8C568232DE4B7006612C8 /* PBXContainerItemProxy */;
		};
/* End PBXTargetDependency section */

/* Begin PBXVariantGroup section */
		BFC8C54F232DE4B3006612C8 /* Main.storyboard */ = {
			isa = PBXVariantGroup;
			children = (
				BFC8C550232DE4B3006612C8 /* Base */,
			);
			name = Main.storyboard;
			sourceTree = "<group>";
		};
		BFC8C554232DE4B6006612C8 /* LaunchScreen.storyboard */ = {
			isa = PBXVariantGroup;
			children = (
				BFC8C555232DE4B6006612C8 /* Base */,
			);
			name = LaunchScreen.storyboard;
			sourceTree = "<group>";
		};
/* End PBXVariantGroup section */

/* Begin XCBuildConfiguration section */
		BFC8C56E232DE4B7006612C8 /* Debug */ = {
			isa = XCBuildConfiguration;
			buildSettings = {
				ALWAYS_SEARCH_USER_PATHS = NO;
				CLANG_ANALYZER_NONNULL = YES;
				CLANG_ANALYZER_NUMBER_OBJECT_CONVERSION = YES_AGGRESSIVE;
				CLANG_CXX_LANGUAGE_STANDARD = "gnu++14";
				CLANG_CXX_LIBRARY = "libc++";
				CLANG_ENABLE_MODULES = YES;
				CLANG_ENABLE_OBJC_ARC = YES;
				CLANG_ENABLE_OBJC_WEAK = YES;
				CLANG_WARN_BLOCK_CAPTURE_AUTORELEASING = YES;
				CLANG_WARN_BOOL_CONVERSION = YES;
				CLANG_WARN_COMMA = YES;
				CLANG_WARN_CONSTANT_CONVERSION = YES;
				CLANG_WARN_DEPRECATED_OBJC_IMPLEMENTATIONS = YES;
				CLANG_WARN_DIRECT_OBJC_ISA_USAGE = YES_ERROR;
				CLANG_WARN_DOCUMENTATION_COMMENTS = YES;
				CLANG_WARN_EMPTY_BODY = YES;
				CLANG_WARN_ENUM_CONVERSION = YES;
				CLANG_WARN_INFINITE_RECURSION = YES;
				CLANG_WARN_INT_CONVERSION = YES;
				CLANG_WARN_NON_LITERAL_NULL_CONVERSION = YES;
				CLANG_WARN_OBJC_IMPLICIT_RETAIN_SELF = YES;
				CLANG_WARN_OBJC_LITERAL_CONVERSION = YES;
				CLANG_WARN_OBJC_ROOT_CLASS = YES_ERROR;
				CLANG_WARN_RANGE_LOOP_ANALYSIS = YES;
				CLANG_WARN_STRICT_PROTOTYPES = YES;
				CLANG_WARN_SUSPICIOUS_MOVE = YES;
				CLANG_WARN_UNGUARDED_AVAILABILITY = YES_AGGRESSIVE;
				CLANG_WARN_UNREACHABLE_CODE = YES;
				CLANG_WARN__DUPLICATE_METHOD_MATCH = YES;
				CODE_SIGN_IDENTITY = "iPhone Developer";
				COPY_PHASE_STRIP = NO;
				DEBUG_INFORMATION_FORMAT = dwarf;
				ENABLE_STRICT_OBJC_MSGSEND = YES;
				ENABLE_TESTABILITY = YES;
				GCC_C_LANGUAGE_STANDARD = gnu11;
				GCC_DYNAMIC_NO_PIC = NO;
				GCC_NO_COMMON_BLOCKS = YES;
				GCC_OPTIMIZATION_LEVEL = 0;
				GCC_PREPROCESSOR_DEFINITIONS = (
					"DEBUG=1",
					"$(inherited)",
				);
				GCC_WARN_64_TO_32_BIT_CONVERSION = YES;
				GCC_WARN_ABOUT_RETURN_TYPE = YES_ERROR;
				GCC_WARN_UNDECLARED_SELECTOR = YES;
				GCC_WARN_UNINITIALIZED_AUTOS = YES_AGGRESSIVE;
				GCC_WARN_UNUSED_FUNCTION = YES;
				GCC_WARN_UNUSED_VARIABLE = YES;
				IPHONEOS_DEPLOYMENT_TARGET = 12.4;
				MTL_ENABLE_DEBUG_INFO = INCLUDE_SOURCE;
				MTL_FAST_MATH = YES;
				ONLY_ACTIVE_ARCH = YES;
				SDKROOT = iphoneos;
				SWIFT_ACTIVE_COMPILATION_CONDITIONS = DEBUG;
				SWIFT_OPTIMIZATION_LEVEL = "-Onone";
			};
			name = Debug;
		};
		BFC8C56F232DE4B7006612C8 /* Release */ = {
			isa = XCBuildConfiguration;
			buildSettings = {
				ALWAYS_SEARCH_USER_PATHS = NO;
				CLANG_ANALYZER_NONNULL = YES;
				CLANG_ANALYZER_NUMBER_OBJECT_CONVERSION = YES_AGGRESSIVE;
				CLANG_CXX_LANGUAGE_STANDARD = "gnu++14";
				CLANG_CXX_LIBRARY = "libc++";
				CLANG_ENABLE_MODULES = YES;
				CLANG_ENABLE_OBJC_ARC = YES;
				CLANG_ENABLE_OBJC_WEAK = YES;
				CLANG_WARN_BLOCK_CAPTURE_AUTORELEASING = YES;
				CLANG_WARN_BOOL_CONVERSION = YES;
				CLANG_WARN_COMMA = YES;
				CLANG_WARN_CONSTANT_CONVERSION = YES;
				CLANG_WARN_DEPRECATED_OBJC_IMPLEMENTATIONS = YES;
				CLANG_WARN_DIRECT_OBJC_ISA_USAGE = YES_ERROR;
				CLANG_WARN_DOCUMENTATION_COMMENTS = YES;
				CLANG_WARN_EMPTY_BODY = YES;
				CLANG_WARN_ENUM_CONVERSION = YES;
				CLANG_WARN_INFINITE_RECURSION = YES;
				CLANG_WARN_INT_CONVERSION = YES;
				CLANG_WARN_NON_LITERAL_NULL_CONVERSION = YES;
				CLANG_WARN_OBJC_IMPLICIT_RETAIN_SELF = YES;
				CLANG_WARN_OBJC_LITERAL_CONVERSION = YES;
				CLANG_WARN_OBJC_ROOT_CLASS = YES_ERROR;
				CLANG_WARN_RANGE_LOOP_ANALYSIS = YES;
				CLANG_WARN_STRICT_PROTOTYPES = YES;
				CLANG_WARN_SUSPICIOUS_MOVE = YES;
				CLANG_WARN_UNGUARDED_AVAILABILITY = YES_AGGRESSIVE;
				CLANG_WARN_UNREACHABLE_CODE = YES;
				CLANG_WARN__DUPLICATE_METHOD_MATCH = YES;
				CODE_SIGN_IDENTITY = "iPhone Developer";
				COPY_PHASE_STRIP = NO;
				DEBUG_INFORMATION_FORMAT = "dwarf-with-dsym";
				ENABLE_NS_ASSERTIONS = NO;
				ENABLE_STRICT_OBJC_MSGSEND = YES;
				GCC_C_LANGUAGE_STANDARD = gnu11;
				GCC_NO_COMMON_BLOCKS = YES;
				GCC_WARN_64_TO_32_BIT_CONVERSION = YES;
				GCC_WARN_ABOUT_RETURN_TYPE = YES_ERROR;
				GCC_WARN_UNDECLARED_SELECTOR = YES;
				GCC_WARN_UNINITIALIZED_AUTOS = YES_AGGRESSIVE;
				GCC_WARN_UNUSED_FUNCTION = YES;
				GCC_WARN_UNUSED_VARIABLE = YES;
				IPHONEOS_DEPLOYMENT_TARGET = 12.4;
				MTL_ENABLE_DEBUG_INFO = NO;
				MTL_FAST_MATH = YES;
				SDKROOT = iphoneos;
				SWIFT_COMPILATION_MODE = wholemodule;
				SWIFT_OPTIMIZATION_LEVEL = "-O";
				VALIDATE_PRODUCT = YES;
			};
			name = Release;
		};
		BFC8C571232DE4B7006612C8 /* Debug */ = {
			isa = XCBuildConfiguration;
			buildSettings = {
				ASSETCATALOG_COMPILER_APPICON_NAME = AppIcon;
				CODE_SIGN_STYLE = Automatic;
				DEVELOPMENT_TEAM = QX4MQCEHGM;
				INFOPLIST_FILE = RandomUser/Info.plist;
				LD_RUNPATH_SEARCH_PATHS = (
					"$(inherited)",
					"@executable_path/Frameworks",
				);
				PRODUCT_BUNDLE_IDENTIFIER = dev.cheese.RandomUser;
				PRODUCT_NAME = "$(TARGET_NAME)";
				SWIFT_VERSION = 5.0;
				TARGETED_DEVICE_FAMILY = "1,2";
			};
			name = Debug;
		};
		BFC8C572232DE4B7006612C8 /* Release */ = {
			isa = XCBuildConfiguration;
			buildSettings = {
				ASSETCATALOG_COMPILER_APPICON_NAME = AppIcon;
				CODE_SIGN_STYLE = Automatic;
				DEVELOPMENT_TEAM = QX4MQCEHGM;
				INFOPLIST_FILE = RandomUser/Info.plist;
				LD_RUNPATH_SEARCH_PATHS = (
					"$(inherited)",
					"@executable_path/Frameworks",
				);
				PRODUCT_BUNDLE_IDENTIFIER = dev.cheese.RandomUser;
				PRODUCT_NAME = "$(TARGET_NAME)";
				SWIFT_VERSION = 5.0;
				TARGETED_DEVICE_FAMILY = "1,2";
			};
			name = Release;
		};
		BFC8C574232DE4B7006612C8 /* Debug */ = {
			isa = XCBuildConfiguration;
			buildSettings = {
				ALWAYS_EMBED_SWIFT_STANDARD_LIBRARIES = YES;
				BUNDLE_LOADER = "$(TEST_HOST)";
				CODE_SIGN_STYLE = Automatic;
				DEVELOPMENT_TEAM = QX4MQCEHGM;
				INFOPLIST_FILE = RandomUserTests/Info.plist;
				LD_RUNPATH_SEARCH_PATHS = (
					"$(inherited)",
					"@executable_path/Frameworks",
					"@loader_path/Frameworks",
				);
				PRODUCT_BUNDLE_IDENTIFIER = dev.cheese.RandomUserTests;
				PRODUCT_NAME = "$(TARGET_NAME)";
				SWIFT_VERSION = 5.0;
				TARGETED_DEVICE_FAMILY = "1,2";
				TEST_HOST = "$(BUILT_PRODUCTS_DIR)/RandomUser.app/RandomUser";
			};
			name = Debug;
		};
		BFC8C575232DE4B7006612C8 /* Release */ = {
			isa = XCBuildConfiguration;
			buildSettings = {
				ALWAYS_EMBED_SWIFT_STANDARD_LIBRARIES = YES;
				BUNDLE_LOADER = "$(TEST_HOST)";
				CODE_SIGN_STYLE = Automatic;
				DEVELOPMENT_TEAM = QX4MQCEHGM;
				INFOPLIST_FILE = RandomUserTests/Info.plist;
				LD_RUNPATH_SEARCH_PATHS = (
					"$(inherited)",
					"@executable_path/Frameworks",
					"@loader_path/Frameworks",
				);
				PRODUCT_BUNDLE_IDENTIFIER = dev.cheese.RandomUserTests;
				PRODUCT_NAME = "$(TARGET_NAME)";
				SWIFT_VERSION = 5.0;
				TARGETED_DEVICE_FAMILY = "1,2";
				TEST_HOST = "$(BUILT_PRODUCTS_DIR)/RandomUser.app/RandomUser";
			};
			name = Release;
		};
		BFC8C577232DE4B7006612C8 /* Debug */ = {
			isa = XCBuildConfiguration;
			buildSettings = {
				ALWAYS_EMBED_SWIFT_STANDARD_LIBRARIES = YES;
				CODE_SIGN_STYLE = Automatic;
				DEVELOPMENT_TEAM = QX4MQCEHGM;
				INFOPLIST_FILE = RandomUserUITests/Info.plist;
				LD_RUNPATH_SEARCH_PATHS = (
					"$(inherited)",
					"@executable_path/Frameworks",
					"@loader_path/Frameworks",
				);
				PRODUCT_BUNDLE_IDENTIFIER = dev.cheese.RandomUserUITests;
				PRODUCT_NAME = "$(TARGET_NAME)";
				SWIFT_VERSION = 5.0;
				TARGETED_DEVICE_FAMILY = "1,2";
				TEST_TARGET_NAME = RandomUser;
			};
			name = Debug;
		};
		BFC8C578232DE4B7006612C8 /* Release */ = {
			isa = XCBuildConfiguration;
			buildSettings = {
				ALWAYS_EMBED_SWIFT_STANDARD_LIBRARIES = YES;
				CODE_SIGN_STYLE = Automatic;
				DEVELOPMENT_TEAM = QX4MQCEHGM;
				INFOPLIST_FILE = RandomUserUITests/Info.plist;
				LD_RUNPATH_SEARCH_PATHS = (
					"$(inherited)",
					"@executable_path/Frameworks",
					"@loader_path/Frameworks",
				);
				PRODUCT_BUNDLE_IDENTIFIER = dev.cheese.RandomUserUITests;
				PRODUCT_NAME = "$(TARGET_NAME)";
				SWIFT_VERSION = 5.0;
				TARGETED_DEVICE_FAMILY = "1,2";
				TEST_TARGET_NAME = RandomUser;
			};
			name = Release;
		};
/* End XCBuildConfiguration section */

/* Begin XCConfigurationList section */
		BFC8C543232DE4B3006612C8 /* Build configuration list for PBXProject "RandomUser" */ = {
			isa = XCConfigurationList;
			buildConfigurations = (
				BFC8C56E232DE4B7006612C8 /* Debug */,
				BFC8C56F232DE4B7006612C8 /* Release */,
			);
			defaultConfigurationIsVisible = 0;
			defaultConfigurationName = Release;
		};
		BFC8C570232DE4B7006612C8 /* Build configuration list for PBXNativeTarget "RandomUser" */ = {
			isa = XCConfigurationList;
			buildConfigurations = (
				BFC8C571232DE4B7006612C8 /* Debug */,
				BFC8C572232DE4B7006612C8 /* Release */,
			);
			defaultConfigurationIsVisible = 0;
			defaultConfigurationName = Release;
		};
		BFC8C573232DE4B7006612C8 /* Build configuration list for PBXNativeTarget "RandomUserTests" */ = {
			isa = XCConfigurationList;
			buildConfigurations = (
				BFC8C574232DE4B7006612C8 /* Debug */,
				BFC8C575232DE4B7006612C8 /* Release */,
			);
			defaultConfigurationIsVisible = 0;
			defaultConfigurationName = Release;
		};
		BFC8C576232DE4B7006612C8 /* Build configuration list for PBXNativeTarget "RandomUserUITests" */ = {
			isa = XCConfigurationList;
			buildConfigurations = (
				BFC8C577232DE4B7006612C8 /* Debug */,
				BFC8C578232DE4B7006612C8 /* Release */,
			);
			defaultConfigurationIsVisible = 0;
			defaultConfigurationName = Release;
		};
/* End XCConfigurationList section */
	};
	rootObject = BFC8C540232DE4B3006612C8 /* Project object */;
}
